
Microsoft Visual Studio Solution File, Format Version 12.00
# Visual Studio Version 17
VisualStudioVersion = 17.5.33103.201
MinimumVisualStudioVersion = 10.0.40219.1
Project("{FAE04EC0-301F-11D3-BF4B-00C04F79EFBC}") = "BlazorUploadFiles.Server", "BlazorUploadFiles\Server\BlazorUploadFiles.Server.csproj", "{070DD7F5-2D3C-4660-B8C2-EF5998C2B9EA}"
EndProject
Project("{FAE04EC0-301F-11D3-BF4B-00C04F79EFBC}") = "BlazorUploadFiles.Client", "BlazorUploadFiles\Client\BlazorUploadFiles.Client.csproj", "{BA776CA9-A41E-4F88-B0DB-6E8F3CEDEA59}"
EndProject
Project("{FAE04EC0-301F-11D3-BF4B-00C04F79EFBC}") = "BlazorUploadFiles.Shared", "BlazorUploadFiles\Shared\BlazorUploadFiles.Shared.csproj", "{03D70D60-8EC9-4A1F-9873-1990234DA712}"
EndProject
Global
	GlobalSection(SolutionConfigurationPlatforms) = preSolution
		Debug|Any CPU = Debug|Any CPU
		Release|Any CPU = Release|Any CPU
	EndGlobalSection
	GlobalSection(ProjectConfigurationPlatforms) = postSolution
		{070DD7F5-2D3C-4660-B8C2-EF5998C2B9EA}.Debug|Any CPU.ActiveCfg = Debug|Any CPU
		{070DD7F5-2D3C-4660-B8C2-EF5998C2B9EA}.Debug|Any CPU.Build.0 = Debug|Any CPU
		{070DD7F5-2D3C-4660-B8C2-EF5998C2B9EA}.Release|Any CPU.ActiveCfg = Release|Any CPU
		{070DD7F5-2D3C-4660-B8C2-EF5998C2B9EA}.Release|Any CPU.Build.0 = Release|Any CPU
		{BA776CA9-A41E-4F88-B0DB-6E8F3CEDEA59}.Debug|Any CPU.ActiveCfg = Debug|Any CPU
		{BA776CA9-A41E-4F88-B0DB-6E8F3CEDEA59}.Debug|Any CPU.Build.0 = Debug|Any CPU
		{BA776CA9-A41E-4F88-B0DB-6E8F3CEDEA59}.Release|Any CPU.ActiveCfg = Release|Any CPU
		{BA776CA9-A41E-4F88-B0DB-6E8F3CEDEA59}.Release|Any CPU.Build.0 = Release|Any CPU
		{03D70D60-8EC9-4A1F-9873-1990234DA712}.Debug|Any CPU.ActiveCfg = Debug|Any CPU
		{03D70D60-8EC9-4A1F-9873-1990234DA712}.Debug|Any CPU.Build.0 = Debug|Any CPU
		{03D70D60-8EC9-4A1F-9873-1990234DA712}.Release|Any CPU.ActiveCfg = Release|Any CPU
		{03D70D60-8EC9-4A1F-9873-1990234DA712}.Release|Any CPU.Build.0 = Release|Any CPU
	EndGlobalSection
	GlobalSection(SolutionProperties) = preSolution
		HideSolutionNode = FALSE
	EndGlobalSection
	GlobalSection(ExtensibilityGlobals) = postSolution
		SolutionGuid = {CB67D398-5814-4143-B88C-818FE3DCFA25}
	EndGlobalSection
EndGlobal
